
Microsoft Visual Studio Solution File, Format Version 12.00
# Visual Studio 15
VisualStudioVersion = 15.0.28010.2016
MinimumVisualStudioVersion = 10.0.40219.1
Project("{FAE04EC0-301F-11D3-BF4B-00C04F79EFBC}") = "PunchBtnCtrls", "PunchBtnCtrls\PunchBtnCtrls.csproj", "{AAA5FB1C-B599-496B-A674-DFD3C39F58DA}"
EndProject
Global
	GlobalSection(SolutionConfigurationPlatforms) = preSolution
		Debug|Any CPU = Debug|Any CPU
		Release|Any CPU = Release|Any CPU
	EndGlobalSection
	GlobalSection(ProjectConfigurationPlatforms) = postSolution
		{AAA5FB1C-B599-496B-A674-DFD3C39F58DA}.Debug|Any CPU.ActiveCfg = Debug|Any CPU
		{AAA5FB1C-B599-496B-A674-DFD3C39F58DA}.Debug|Any CPU.Build.0 = Debug|Any CPU
		{AAA5FB1C-B599-496B-A674-DFD3C39F58DA}.Release|Any CPU.ActiveCfg = Release|Any CPU
		{AAA5FB1C-B599-496B-A674-DFD3C39F58DA}.Release|Any CPU.Build.0 = Release|Any CPU
	EndGlobalSection
	GlobalSection(SolutionProperties) = preSolution
		HideSolutionNode = FALSE
	EndGlobalSection
	GlobalSection(ExtensibilityGlobals) = postSolution
		SolutionGuid = {5732ACA1-6152-436F-AF2D-AE05426F030A}
	EndGlobalSection
EndGlobal
